
Microsoft Visual Studio Solution File, Format Version 12.00
# Visual Studio Version 17
VisualStudioVersion = 17.5.33516.290
MinimumVisualStudioVersion = 10.0.40219.1
Project("{FAE04EC0-301F-11D3-BF4B-00C04F79EFBC}") = "BookStore.API", "BookStore.API\BookStore.API.csproj", "{B11A093C-1F04-49AC-839F-04B595385785}"
EndProject
Global
	GlobalSection(SolutionConfigurationPlatforms) = preSolution
		Debug|Any CPU = Debug|Any CPU
		Release|Any CPU = Release|Any CPU
	EndGlobalSection
	GlobalSection(ProjectConfigurationPlatforms) = postSolution
		{B11A093C-1F04-49AC-839F-04B595385785}.Debug|Any CPU.ActiveCfg = Debug|Any CPU
		{B11A093C-1F04-49AC-839F-04B595385785}.Debug|Any CPU.Build.0 = Debug|Any CPU
		{B11A093C-1F04-49AC-839F-04B595385785}.Release|Any CPU.ActiveCfg = Release|Any CPU
		{B11A093C-1F04-49AC-839F-04B595385785}.Release|Any CPU.Build.0 = Release|Any CPU
	EndGlobalSection
	GlobalSection(SolutionProperties) = preSolution
		HideSolutionNode = FALSE
	EndGlobalSection
	GlobalSection(ExtensibilityGlobals) = postSolution
		SolutionGuid = {928E9EB4-FC10-4DE7-9E2C-FD0C8B5663A1}
	EndGlobalSection
EndGlobal
